
Microsoft Visual Studio Solution File, Format Version 12.00
# Visual Studio Version 17
VisualStudioVersion = 17.9.34728.123
MinimumVisualStudioVersion = 10.0.40219.1
Project("{8BC9CEB8-8B4A-11D0-8D11-00A0C91BC942}") = "priority", "priority\priority.vcxproj", "{FF7D04C3-FCE9-4DF1-B096-00C3041AFBE2}"
EndProject
Global
	GlobalSection(SolutionConfigurationPlatforms) = preSolution
		Debug|x64 = Debug|x64
		Debug|x86 = Debug|x86
		Release|x64 = Release|x64
		Release|x86 = Release|x86
	EndGlobalSection
	GlobalSection(ProjectConfigurationPlatforms) = postSolution
		{FF7D04C3-FCE9-4DF1-B096-00C3041AFBE2}.Debug|x64.ActiveCfg = Debug|x64
		{FF7D04C3-FCE9-4DF1-B096-00C3041AFBE2}.Debug|x64.Build.0 = Debug|x64
		{FF7D04C3-FCE9-4DF1-B096-00C3041AFBE2}.Debug|x86.ActiveCfg = Debug|Win32
		{FF7D04C3-FCE9-4DF1-B096-00C3041AFBE2}.Debug|x86.Build.0 = Debug|Win32
		{FF7D04C3-FCE9-4DF1-B096-00C3041AFBE2}.Release|x64.ActiveCfg = Release|x64
		{FF7D04C3-FCE9-4DF1-B096-00C3041AFBE2}.Release|x64.Build.0 = Release|x64
		{FF7D04C3-FCE9-4DF1-B096-00C3041AFBE2}.Release|x86.ActiveCfg = Release|Win32
		{FF7D04C3-FCE9-4DF1-B096-00C3041AFBE2}.Release|x86.Build.0 = Release|Win32
	EndGlobalSection
	GlobalSection(SolutionProperties) = preSolution
		HideSolutionNode = FALSE
	EndGlobalSection
	GlobalSection(ExtensibilityGlobals) = postSolution
		SolutionGuid = {55933D14-8E41-4BB1-ADBE-A98807D444D0}
	EndGlobalSection
EndGlobal
