
Microsoft Visual Studio Solution File, Format Version 12.00
# Visual Studio Version 17
VisualStudioVersion = 17.9.34728.123
MinimumVisualStudioVersion = 10.0.40219.1
Project("{8BC9CEB8-8B4A-11D0-8D11-00A0C91BC942}") = "access rights", "access rights\access rights.vcxproj", "{032F07B7-279F-43FF-A009-5AEE7A7C313C}"
EndProject
Global
	GlobalSection(SolutionConfigurationPlatforms) = preSolution
		Debug|x64 = Debug|x64
		Debug|x86 = Debug|x86
		Release|x64 = Release|x64
		Release|x86 = Release|x86
	EndGlobalSection
	GlobalSection(ProjectConfigurationPlatforms) = postSolution
		{032F07B7-279F-43FF-A009-5AEE7A7C313C}.Debug|x64.ActiveCfg = Debug|x64
		{032F07B7-279F-43FF-A009-5AEE7A7C313C}.Debug|x64.Build.0 = Debug|x64
		{032F07B7-279F-43FF-A009-5AEE7A7C313C}.Debug|x86.ActiveCfg = Debug|Win32
		{032F07B7-279F-43FF-A009-5AEE7A7C313C}.Debug|x86.Build.0 = Debug|Win32
		{032F07B7-279F-43FF-A009-5AEE7A7C313C}.Release|x64.ActiveCfg = Release|x64
		{032F07B7-279F-43FF-A009-5AEE7A7C313C}.Release|x64.Build.0 = Release|x64
		{032F07B7-279F-43FF-A009-5AEE7A7C313C}.Release|x86.ActiveCfg = Release|Win32
		{032F07B7-279F-43FF-A009-5AEE7A7C313C}.Release|x86.Build.0 = Release|Win32
	EndGlobalSection
	GlobalSection(SolutionProperties) = preSolution
		HideSolutionNode = FALSE
	EndGlobalSection
	GlobalSection(ExtensibilityGlobals) = postSolution
		SolutionGuid = {892780D0-5AAC-423B-9E61-9BBD8168F6D4}
	EndGlobalSection
EndGlobal
